
Microsoft Visual Studio Solution File, Format Version 12.00
# Visual Studio 15
VisualStudioVersion = 15.0.28307.2017
MinimumVisualStudioVersion = 10.0.40219.1
Project("{8BC9CEB8-8B4A-11D0-8D11-00A0C91BC942}") = "isl_utils", "isl_utils.vcxproj", "{F40B8D22-F71C-4A67-92E2-ECD923CF104E}"
EndProject
Global
	GlobalSection(SolutionConfigurationPlatforms) = preSolution
		Debug|x64 = Debug|x64
		Debug|x86 = Debug|x86
		Release|x64 = Release|x64
		Release|x86 = Release|x86
	EndGlobalSection
	GlobalSection(ProjectConfigurationPlatforms) = postSolution
		{F40B8D22-F71C-4A67-92E2-ECD923CF104E}.Debug|x64.ActiveCfg = Debug|x64
		{F40B8D22-F71C-4A67-92E2-ECD923CF104E}.Debug|x64.Build.0 = Debug|x64
		{F40B8D22-F71C-4A67-92E2-ECD923CF104E}.Debug|x86.ActiveCfg = Debug|Win32
		{F40B8D22-F71C-4A67-92E2-ECD923CF104E}.Debug|x86.Build.0 = Debug|Win32
		{F40B8D22-F71C-4A67-92E2-ECD923CF104E}.Release|x64.ActiveCfg = Release|x64
		{F40B8D22-F71C-4A67-92E2-ECD923CF104E}.Release|x64.Build.0 = Release|x64
		{F40B8D22-F71C-4A67-92E2-ECD923CF104E}.Release|x86.ActiveCfg = Release|Win32
		{F40B8D22-F71C-4A67-92E2-ECD923CF104E}.Release|x86.Build.0 = Release|Win32
	EndGlobalSection
	GlobalSection(SolutionProperties) = preSolution
		HideSolutionNode = FALSE
	EndGlobalSection
	GlobalSection(ExtensibilityGlobals) = postSolution
		SolutionGuid = {11D9103E-5925-4991-828C-3DDFC0B9F3F5}
	EndGlobalSection
EndGlobal
