<?xml version="1.0" encoding="utf-8"?>
<Project ToolsVersion="4.0" xmlns="http://schemas.microsoft.com/developer/msbuild/2003">
  <ItemGroup>
    <Filter Include="Source Files">
      <Extensions>cpp;c;cc;cxx;def;odl;idl;hpj;bat;asm;asmx</Extensions>
    </Filter>
    <Filter Include="Header Files">
      <Extensions>h;hh;hpp;hxx;hm;inl;inc;xsd</Extensions>
    </Filter>
    <Filter Include="Resource Files">
      <Extensions>rc;ico;cur;bmp;dlg;rc2;rct;bin;rgs;gif;jpg;jpeg;jpe;resx;tiff;tif;png;wav;mfcribbon-ms</Extensions>
    </Filter>
  </ItemGroup>
  <ItemGroup>
    <CustomBuild Include="..\src\02_build.bat">
      <Filter>Source Files</Filter>
    </CustomBuild>
  </ItemGroup>
  <ItemGroup>
    <Text Include="install.txt" />
  </ItemGroup>
  <ItemGroup>
    <None Include="postbuild.x64.bat">
      <Filter>Source Files</Filter>
    </None>
    <None Include="postbuild.x86.bat">
      <Filter>Source Files</Filter>
    </None>
    <None Include="00_env.bat">
      <Filter>Source Files</Filter>
    </None>
    <None Include="01_jupyterlab.bat">
      <Filter>Source Files</Filter>
    </None>
    <None Include="01_install.bat">
      <Filter>Source Files</Filter>
    </None>
  </ItemGroup>
</Project>