
Microsoft Visual Studio Solution File, Format Version 12.00
# Visual Studio 15
VisualStudioVersion = 15.0.28307.2017
MinimumVisualStudioVersion = 10.0.40219.1
Project("{8BC9CEB8-8B4A-11D0-8D11-00A0C91BC942}") = "isl_api", "isl_api.vcxproj", "{75DE5FD6-2990-4A48-B7E6-DADF92BAD9BF}"
EndProject
Global
	GlobalSection(SolutionConfigurationPlatforms) = preSolution
		Debug|x64 = Debug|x64
		Debug|x86 = Debug|x86
		Release|x64 = Release|x64
		Release|x86 = Release|x86
	EndGlobalSection
	GlobalSection(ProjectConfigurationPlatforms) = postSolution
		{75DE5FD6-2990-4A48-B7E6-DADF92BAD9BF}.Debug|x64.ActiveCfg = Debug|x64
		{75DE5FD6-2990-4A48-B7E6-DADF92BAD9BF}.Debug|x64.Build.0 = Debug|x64
		{75DE5FD6-2990-4A48-B7E6-DADF92BAD9BF}.Debug|x86.ActiveCfg = Debug|Win32
		{75DE5FD6-2990-4A48-B7E6-DADF92BAD9BF}.Debug|x86.Build.0 = Debug|Win32
		{75DE5FD6-2990-4A48-B7E6-DADF92BAD9BF}.Release|x64.ActiveCfg = Release|x64
		{75DE5FD6-2990-4A48-B7E6-DADF92BAD9BF}.Release|x64.Build.0 = Release|x64
		{75DE5FD6-2990-4A48-B7E6-DADF92BAD9BF}.Release|x86.ActiveCfg = Release|Win32
		{75DE5FD6-2990-4A48-B7E6-DADF92BAD9BF}.Release|x86.Build.0 = Release|Win32
	EndGlobalSection
	GlobalSection(SolutionProperties) = preSolution
		HideSolutionNode = FALSE
	EndGlobalSection
	GlobalSection(ExtensibilityGlobals) = postSolution
		SolutionGuid = {33759C7E-579E-459F-9E41-BF04D17869CE}
	EndGlobalSection
EndGlobal
